
Microsoft Visual Studio Solution File, Format Version 12.00
# Visual Studio 14
VisualStudioVersion = 14.0.24720.0
MinimumVisualStudioVersion = 10.0.40219.1
Project("{FAE04EC0-301F-11D3-BF4B-00C04F79EFBC}") = "PeakFinding", "PeakFinding\PeakFinding.csproj", "{BE569AAE-BBDB-4CE0-BF0C-A42A17CDEB69}"
EndProject
Project("{FAE04EC0-301F-11D3-BF4B-00C04F79EFBC}") = "PeakFindingTests", "PeakFindingTests\PeakFindingTests.csproj", "{8FEB718C-C725-4648-BCDC-22CC8AF13EDF}"
EndProject
Global
	GlobalSection(SolutionConfigurationPlatforms) = preSolution
		Debug|Any CPU = Debug|Any CPU
		Release|Any CPU = Release|Any CPU
	EndGlobalSection
	GlobalSection(ProjectConfigurationPlatforms) = postSolution
		{BE569AAE-BBDB-4CE0-BF0C-A42A17CDEB69}.Debug|Any CPU.ActiveCfg = Debug|Any CPU
		{BE569AAE-BBDB-4CE0-BF0C-A42A17CDEB69}.Debug|Any CPU.Build.0 = Debug|Any CPU
		{BE569AAE-BBDB-4CE0-BF0C-A42A17CDEB69}.Release|Any CPU.ActiveCfg = Release|Any CPU
		{BE569AAE-BBDB-4CE0-BF0C-A42A17CDEB69}.Release|Any CPU.Build.0 = Release|Any CPU
		{8FEB718C-C725-4648-BCDC-22CC8AF13EDF}.Debug|Any CPU.ActiveCfg = Debug|Any CPU
		{8FEB718C-C725-4648-BCDC-22CC8AF13EDF}.Debug|Any CPU.Build.0 = Debug|Any CPU
		{8FEB718C-C725-4648-BCDC-22CC8AF13EDF}.Release|Any CPU.ActiveCfg = Release|Any CPU
		{8FEB718C-C725-4648-BCDC-22CC8AF13EDF}.Release|Any CPU.Build.0 = Release|Any CPU
	EndGlobalSection
	GlobalSection(SolutionProperties) = preSolution
		HideSolutionNode = FALSE
	EndGlobalSection
EndGlobal
